
Microsoft Visual Studio Solution File, Format Version 12.00
# Visual Studio Version 16
VisualStudioVersion = 16.0.31205.134
MinimumVisualStudioVersion = 10.0.40219.1
Project("{FAE04EC0-301F-11D3-BF4B-00C04F79EFBC}") = "LegiDiffUI", "LegiDiffUI\LegiDiffUI.csproj", "{058916C9-160C-47B5-9A69-D2C4AFED0F75}"
EndProject
Global
	GlobalSection(SolutionConfigurationPlatforms) = preSolution
		Debug|Any CPU = Debug|Any CPU
		Release|Any CPU = Release|Any CPU
	EndGlobalSection
	GlobalSection(ProjectConfigurationPlatforms) = postSolution
		{058916C9-160C-47B5-9A69-D2C4AFED0F75}.Debug|Any CPU.ActiveCfg = Debug|Any CPU
		{058916C9-160C-47B5-9A69-D2C4AFED0F75}.Debug|Any CPU.Build.0 = Debug|Any CPU
		{058916C9-160C-47B5-9A69-D2C4AFED0F75}.Debug|Any CPU.Deploy.0 = Debug|Any CPU
		{058916C9-160C-47B5-9A69-D2C4AFED0F75}.Release|Any CPU.ActiveCfg = Release|Any CPU
		{058916C9-160C-47B5-9A69-D2C4AFED0F75}.Release|Any CPU.Build.0 = Release|Any CPU
		{058916C9-160C-47B5-9A69-D2C4AFED0F75}.Release|Any CPU.Deploy.0 = Release|Any CPU
	EndGlobalSection
	GlobalSection(SolutionProperties) = preSolution
		HideSolutionNode = FALSE
	EndGlobalSection
	GlobalSection(ExtensibilityGlobals) = postSolution
		SolutionGuid = {55D7259E-29A5-4955-87F7-D1BEC03E92F9}
	EndGlobalSection
EndGlobal
